
Microsoft Visual Studio Solution File, Format Version 12.00
# Visual Studio 15
VisualStudioVersion = 15.0.26127.3
MinimumVisualStudioVersion = 10.0.40219.1
Project("{2150E333-8FDC-42A3-9474-1A3956D46DE8}") = "src", "src", "{83FEB1FE-1C0B-411B-9708-33C2DB3CE681}"
EndProject
Project("{2150E333-8FDC-42A3-9474-1A3956D46DE8}") = "Solution Items", "Solution Items", "{D1B88788-0211-46B5-A841-FE4022972A2B}"
	ProjectSection(SolutionItems) = preProject
		global.json = global.json
	EndProjectSection
EndProject
Project("{2150E333-8FDC-42A3-9474-1A3956D46DE8}") = "test", "test", "{9854CF38-898A-4F61-A69A-4875E100362C}"
EndProject
Project("{8BC9CEB8-8B4A-11D0-8D11-00A0C91BC942}") = "DWriteSharpNativeHelper", "src\DWriteSharpNativeHelper\DWriteSharpNativeHelper.vcxproj", "{451A9F54-FD97-46B5-8DEB-0440A69D8208}"
EndProject
Project("{2150E333-8FDC-42A3-9474-1A3956D46DE8}") = "dep", "dep", "{AB555339-EF1E-4E72-A29E-78E41E5D936D}"
EndProject
Project("{9A19103F-16F7-4668-BE54-9A1E7A4F7556}") = "DWriteSharpTest", "test\DWriteSharpTest\DWriteSharpTest.csproj", "{41E71BC9-1BC9-49FA-BD16-3DA712F82FC2}"
EndProject
Project("{9A19103F-16F7-4668-BE54-9A1E7A4F7556}") = "Cairo", "..\CairoSharp\Cairo\Cairo.csproj", "{FF730D92-5CDE-4C9D-99B6-9A12E7B61235}"
EndProject
Project("{9A19103F-16F7-4668-BE54-9A1E7A4F7556}") = "DWriteSharp", "src\DWriteSharp\DWriteSharp.csproj", "{4B831B18-E98F-4691-9264-EF7910E10815}"
EndProject
Global
	GlobalSection(SolutionConfigurationPlatforms) = preSolution
		Debug|Any CPU = Debug|Any CPU
		Debug|x64 = Debug|x64
		Debug|x86 = Debug|x86
		Release|Any CPU = Release|Any CPU
		Release|x64 = Release|x64
		Release|x86 = Release|x86
	EndGlobalSection
	GlobalSection(ProjectConfigurationPlatforms) = postSolution
		{451A9F54-FD97-46B5-8DEB-0440A69D8208}.Debug|Any CPU.ActiveCfg = Debug|x64
		{451A9F54-FD97-46B5-8DEB-0440A69D8208}.Debug|x64.ActiveCfg = Debug|x64
		{451A9F54-FD97-46B5-8DEB-0440A69D8208}.Debug|x64.Build.0 = Debug|x64
		{451A9F54-FD97-46B5-8DEB-0440A69D8208}.Debug|x86.ActiveCfg = Debug|Win32
		{451A9F54-FD97-46B5-8DEB-0440A69D8208}.Debug|x86.Build.0 = Debug|Win32
		{451A9F54-FD97-46B5-8DEB-0440A69D8208}.Release|Any CPU.ActiveCfg = Release|Win32
		{451A9F54-FD97-46B5-8DEB-0440A69D8208}.Release|x64.ActiveCfg = Release|x64
		{451A9F54-FD97-46B5-8DEB-0440A69D8208}.Release|x64.Build.0 = Release|x64
		{451A9F54-FD97-46B5-8DEB-0440A69D8208}.Release|x86.ActiveCfg = Release|Win32
		{451A9F54-FD97-46B5-8DEB-0440A69D8208}.Release|x86.Build.0 = Release|Win32
		{41E71BC9-1BC9-49FA-BD16-3DA712F82FC2}.Debug|Any CPU.ActiveCfg = Debug|Any CPU
		{41E71BC9-1BC9-49FA-BD16-3DA712F82FC2}.Debug|Any CPU.Build.0 = Debug|Any CPU
		{41E71BC9-1BC9-49FA-BD16-3DA712F82FC2}.Debug|x64.ActiveCfg = Debug|x64
		{41E71BC9-1BC9-49FA-BD16-3DA712F82FC2}.Debug|x64.Build.0 = Debug|x64
		{41E71BC9-1BC9-49FA-BD16-3DA712F82FC2}.Debug|x86.ActiveCfg = Debug|x86
		{41E71BC9-1BC9-49FA-BD16-3DA712F82FC2}.Debug|x86.Build.0 = Debug|x86
		{41E71BC9-1BC9-49FA-BD16-3DA712F82FC2}.Release|Any CPU.ActiveCfg = Release|Any CPU
		{41E71BC9-1BC9-49FA-BD16-3DA712F82FC2}.Release|Any CPU.Build.0 = Release|Any CPU
		{41E71BC9-1BC9-49FA-BD16-3DA712F82FC2}.Release|x64.ActiveCfg = Release|x64
		{41E71BC9-1BC9-49FA-BD16-3DA712F82FC2}.Release|x64.Build.0 = Release|x64
		{41E71BC9-1BC9-49FA-BD16-3DA712F82FC2}.Release|x86.ActiveCfg = Release|x86
		{41E71BC9-1BC9-49FA-BD16-3DA712F82FC2}.Release|x86.Build.0 = Release|x86
		{FF730D92-5CDE-4C9D-99B6-9A12E7B61235}.Debug|Any CPU.ActiveCfg = Debug|Any CPU
		{FF730D92-5CDE-4C9D-99B6-9A12E7B61235}.Debug|Any CPU.Build.0 = Debug|Any CPU
		{FF730D92-5CDE-4C9D-99B6-9A12E7B61235}.Debug|x64.ActiveCfg = Debug|x64
		{FF730D92-5CDE-4C9D-99B6-9A12E7B61235}.Debug|x64.Build.0 = Debug|x64
		{FF730D92-5CDE-4C9D-99B6-9A12E7B61235}.Debug|x86.ActiveCfg = Debug|x86
		{FF730D92-5CDE-4C9D-99B6-9A12E7B61235}.Debug|x86.Build.0 = Debug|x86
		{FF730D92-5CDE-4C9D-99B6-9A12E7B61235}.Release|Any CPU.ActiveCfg = Release|Any CPU
		{FF730D92-5CDE-4C9D-99B6-9A12E7B61235}.Release|Any CPU.Build.0 = Release|Any CPU
		{FF730D92-5CDE-4C9D-99B6-9A12E7B61235}.Release|x64.ActiveCfg = Release|x64
		{FF730D92-5CDE-4C9D-99B6-9A12E7B61235}.Release|x64.Build.0 = Release|x64
		{FF730D92-5CDE-4C9D-99B6-9A12E7B61235}.Release|x86.ActiveCfg = Release|x86
		{FF730D92-5CDE-4C9D-99B6-9A12E7B61235}.Release|x86.Build.0 = Release|x86
		{4B831B18-E98F-4691-9264-EF7910E10815}.Debug|Any CPU.ActiveCfg = Debug|Any CPU
		{4B831B18-E98F-4691-9264-EF7910E10815}.Debug|Any CPU.Build.0 = Debug|Any CPU
		{4B831B18-E98F-4691-9264-EF7910E10815}.Debug|x64.ActiveCfg = Debug|x64
		{4B831B18-E98F-4691-9264-EF7910E10815}.Debug|x64.Build.0 = Debug|x64
		{4B831B18-E98F-4691-9264-EF7910E10815}.Debug|x86.ActiveCfg = Debug|x86
		{4B831B18-E98F-4691-9264-EF7910E10815}.Debug|x86.Build.0 = Debug|x86
		{4B831B18-E98F-4691-9264-EF7910E10815}.Release|Any CPU.ActiveCfg = Release|Any CPU
		{4B831B18-E98F-4691-9264-EF7910E10815}.Release|Any CPU.Build.0 = Release|Any CPU
		{4B831B18-E98F-4691-9264-EF7910E10815}.Release|x64.ActiveCfg = Release|x64
		{4B831B18-E98F-4691-9264-EF7910E10815}.Release|x64.Build.0 = Release|x64
		{4B831B18-E98F-4691-9264-EF7910E10815}.Release|x86.ActiveCfg = Release|x86
		{4B831B18-E98F-4691-9264-EF7910E10815}.Release|x86.Build.0 = Release|x86
	EndGlobalSection
	GlobalSection(SolutionProperties) = preSolution
		HideSolutionNode = FALSE
	EndGlobalSection
	GlobalSection(NestedProjects) = preSolution
		{451A9F54-FD97-46B5-8DEB-0440A69D8208} = {83FEB1FE-1C0B-411B-9708-33C2DB3CE681}
		{AB555339-EF1E-4E72-A29E-78E41E5D936D} = {9854CF38-898A-4F61-A69A-4875E100362C}
		{41E71BC9-1BC9-49FA-BD16-3DA712F82FC2} = {9854CF38-898A-4F61-A69A-4875E100362C}
		{FF730D92-5CDE-4C9D-99B6-9A12E7B61235} = {AB555339-EF1E-4E72-A29E-78E41E5D936D}
		{4B831B18-E98F-4691-9264-EF7910E10815} = {83FEB1FE-1C0B-411B-9708-33C2DB3CE681}
	EndGlobalSection
EndGlobal
